
Microsoft Visual Studio Solution File, Format Version 12.00
# Visual Studio Version 16
VisualStudioVersion = 16.0.31613.86
MinimumVisualStudioVersion = 10.0.40219.1
Project("{8BC9CEB8-8B4A-11D0-8D11-00A0C91BC942}") = "Week4ThirdClassVector2D", "Week4ThirdClassVector2D\Week4ThirdClassVector2D.vcxproj", "{097AB9C5-1457-4FE6-84BA-BCAAD9F6480A}"
EndProject
Global
	GlobalSection(SolutionConfigurationPlatforms) = preSolution
		Debug|x64 = Debug|x64
		Debug|x86 = Debug|x86
		Release|x64 = Release|x64
		Release|x86 = Release|x86
	EndGlobalSection
	GlobalSection(ProjectConfigurationPlatforms) = postSolution
		{097AB9C5-1457-4FE6-84BA-BCAAD9F6480A}.Debug|x64.ActiveCfg = Debug|x64
		{097AB9C5-1457-4FE6-84BA-BCAAD9F6480A}.Debug|x64.Build.0 = Debug|x64
		{097AB9C5-1457-4FE6-84BA-BCAAD9F6480A}.Debug|x86.ActiveCfg = Debug|Win32
		{097AB9C5-1457-4FE6-84BA-BCAAD9F6480A}.Debug|x86.Build.0 = Debug|Win32
		{097AB9C5-1457-4FE6-84BA-BCAAD9F6480A}.Release|x64.ActiveCfg = Release|x64
		{097AB9C5-1457-4FE6-84BA-BCAAD9F6480A}.Release|x64.Build.0 = Release|x64
		{097AB9C5-1457-4FE6-84BA-BCAAD9F6480A}.Release|x86.ActiveCfg = Release|Win32
		{097AB9C5-1457-4FE6-84BA-BCAAD9F6480A}.Release|x86.Build.0 = Release|Win32
	EndGlobalSection
	GlobalSection(SolutionProperties) = preSolution
		HideSolutionNode = FALSE
	EndGlobalSection
	GlobalSection(ExtensibilityGlobals) = postSolution
		SolutionGuid = {8BD8E2B0-CF93-4BAE-8AB3-36BC78D48396}
	EndGlobalSection
EndGlobal
